
Microsoft Visual Studio Solution File, Format Version 12.00
# Visual Studio 15
VisualStudioVersion = 15.0.28010.2036
MinimumVisualStudioVersion = 10.0.40219.1
Project("{FAE04EC0-301F-11D3-BF4B-00C04F79EFBC}") = "superearthcommvc", "superearthcommvc\superearthcommvc.csproj", "{26CC2DCB-B1B2-4C25-8CB4-2AE9467C9554}"
EndProject
Global
	GlobalSection(SolutionConfigurationPlatforms) = preSolution
		Debug|Any CPU = Debug|Any CPU
		Release|Any CPU = Release|Any CPU
	EndGlobalSection
	GlobalSection(ProjectConfigurationPlatforms) = postSolution
		{26CC2DCB-B1B2-4C25-8CB4-2AE9467C9554}.Debug|Any CPU.ActiveCfg = Debug|Any CPU
		{26CC2DCB-B1B2-4C25-8CB4-2AE9467C9554}.Debug|Any CPU.Build.0 = Debug|Any CPU
		{26CC2DCB-B1B2-4C25-8CB4-2AE9467C9554}.Release|Any CPU.ActiveCfg = Release|Any CPU
		{26CC2DCB-B1B2-4C25-8CB4-2AE9467C9554}.Release|Any CPU.Build.0 = Release|Any CPU
	EndGlobalSection
	GlobalSection(SolutionProperties) = preSolution
		HideSolutionNode = FALSE
	EndGlobalSection
	GlobalSection(ExtensibilityGlobals) = postSolution
		SolutionGuid = {972C0E88-F6EF-442C-A292-570D77971B5E}
	EndGlobalSection
EndGlobal
